
Microsoft Visual Studio Solution File, Format Version 12.00
# Visual Studio Version 17
VisualStudioVersion = 17.9.34714.143
MinimumVisualStudioVersion = 10.0.40219.1
Project("{FAE04EC0-301F-11D3-BF4B-00C04F79EFBC}") = "DocumentManagementSystem", "DocumentManagementSystem.csproj", "{E9B1173F-1A19-4D6B-AD6E-3EA766FC344C}"
EndProject
Project("{2150E333-8FDC-42A3-9474-1A3956D46DE8}") = "Business", "Business", "{F8C344E5-0869-412C-A792-8A8BB3FF63E1}"
EndProject
Project("{2150E333-8FDC-42A3-9474-1A3956D46DE8}") = "Common", "Common", "{AF43A2F4-C90C-4954-ACDD-6386984D444B}"
EndProject
Project("{2150E333-8FDC-42A3-9474-1A3956D46DE8}") = "DomainObject", "DomainObject", "{2436E166-635B-4F41-B077-774670043E1E}"
EndProject
Project("{2150E333-8FDC-42A3-9474-1A3956D46DE8}") = "Modals", "Modals", "{6BDB2EEC-9CB4-4F81-AD1E-0BB91DBC2C3F}"
EndProject
Project("{2150E333-8FDC-42A3-9474-1A3956D46DE8}") = "Repository", "Repository", "{034B25BC-61D6-400D-A9B3-3B2A01BF159C}"
EndProject
Project("{FAE04EC0-301F-11D3-BF4B-00C04F79EFBC}") = "DomainObject", "..\DomainObject\DomainObject.csproj", "{F92DE211-3349-4168-AD41-D87278DF6121}"
EndProject
Project("{FAE04EC0-301F-11D3-BF4B-00C04F79EFBC}") = "Models", "..\Models\Models.csproj", "{106030CC-3A25-41A8-8988-9C9E598C24E8}"
EndProject
Project("{FAE04EC0-301F-11D3-BF4B-00C04F79EFBC}") = "Repository", "..\Repository\Repository.csproj", "{C1778FAB-85FB-413C-A3E7-CEC18FF2BC2D}"
EndProject
Global
	GlobalSection(SolutionConfigurationPlatforms) = preSolution
		Debug|Any CPU = Debug|Any CPU
		Release|Any CPU = Release|Any CPU
	EndGlobalSection
	GlobalSection(ProjectConfigurationPlatforms) = postSolution
		{E9B1173F-1A19-4D6B-AD6E-3EA766FC344C}.Debug|Any CPU.ActiveCfg = Debug|Any CPU
		{E9B1173F-1A19-4D6B-AD6E-3EA766FC344C}.Debug|Any CPU.Build.0 = Debug|Any CPU
		{E9B1173F-1A19-4D6B-AD6E-3EA766FC344C}.Release|Any CPU.ActiveCfg = Release|Any CPU
		{E9B1173F-1A19-4D6B-AD6E-3EA766FC344C}.Release|Any CPU.Build.0 = Release|Any CPU
		{F92DE211-3349-4168-AD41-D87278DF6121}.Debug|Any CPU.ActiveCfg = Debug|Any CPU
		{F92DE211-3349-4168-AD41-D87278DF6121}.Debug|Any CPU.Build.0 = Debug|Any CPU
		{F92DE211-3349-4168-AD41-D87278DF6121}.Release|Any CPU.ActiveCfg = Release|Any CPU
		{F92DE211-3349-4168-AD41-D87278DF6121}.Release|Any CPU.Build.0 = Release|Any CPU
		{106030CC-3A25-41A8-8988-9C9E598C24E8}.Debug|Any CPU.ActiveCfg = Debug|Any CPU
		{106030CC-3A25-41A8-8988-9C9E598C24E8}.Debug|Any CPU.Build.0 = Debug|Any CPU
		{106030CC-3A25-41A8-8988-9C9E598C24E8}.Release|Any CPU.ActiveCfg = Release|Any CPU
		{106030CC-3A25-41A8-8988-9C9E598C24E8}.Release|Any CPU.Build.0 = Release|Any CPU
		{C1778FAB-85FB-413C-A3E7-CEC18FF2BC2D}.Debug|Any CPU.ActiveCfg = Debug|Any CPU
		{C1778FAB-85FB-413C-A3E7-CEC18FF2BC2D}.Debug|Any CPU.Build.0 = Debug|Any CPU
		{C1778FAB-85FB-413C-A3E7-CEC18FF2BC2D}.Release|Any CPU.ActiveCfg = Release|Any CPU
		{C1778FAB-85FB-413C-A3E7-CEC18FF2BC2D}.Release|Any CPU.Build.0 = Release|Any CPU
	EndGlobalSection
	GlobalSection(SolutionProperties) = preSolution
		HideSolutionNode = FALSE
	EndGlobalSection
	GlobalSection(NestedProjects) = preSolution
		{F92DE211-3349-4168-AD41-D87278DF6121} = {2436E166-635B-4F41-B077-774670043E1E}
		{106030CC-3A25-41A8-8988-9C9E598C24E8} = {6BDB2EEC-9CB4-4F81-AD1E-0BB91DBC2C3F}
		{C1778FAB-85FB-413C-A3E7-CEC18FF2BC2D} = {034B25BC-61D6-400D-A9B3-3B2A01BF159C}
	EndGlobalSection
	GlobalSection(ExtensibilityGlobals) = postSolution
		SolutionGuid = {6DEFE578-0589-4E50-8FD1-3744BE4A7FD1}
	EndGlobalSection
EndGlobal
